
Microsoft Visual Studio Solution File, Format Version 12.00
# Visual Studio Version 16
VisualStudioVersion = 16.0.31424.327
MinimumVisualStudioVersion = 10.0.40219.1
Project("{FAE04EC0-301F-11D3-BF4B-00C04F79EFBC}") = "otoparkyunus", "otoparkyunus\otoparkyunus.csproj", "{DE699EE8-BA6D-4126-BF2D-A9A8611094BD}"
EndProject
Global
	GlobalSection(SolutionConfigurationPlatforms) = preSolution
		Debug|Any CPU = Debug|Any CPU
		Release|Any CPU = Release|Any CPU
	EndGlobalSection
	GlobalSection(ProjectConfigurationPlatforms) = postSolution
		{DE699EE8-BA6D-4126-BF2D-A9A8611094BD}.Debug|Any CPU.ActiveCfg = Debug|Any CPU
		{DE699EE8-BA6D-4126-BF2D-A9A8611094BD}.Debug|Any CPU.Build.0 = Debug|Any CPU
		{DE699EE8-BA6D-4126-BF2D-A9A8611094BD}.Release|Any CPU.ActiveCfg = Release|Any CPU
		{DE699EE8-BA6D-4126-BF2D-A9A8611094BD}.Release|Any CPU.Build.0 = Release|Any CPU
	EndGlobalSection
	GlobalSection(SolutionProperties) = preSolution
		HideSolutionNode = FALSE
	EndGlobalSection
	GlobalSection(ExtensibilityGlobals) = postSolution
		SolutionGuid = {366CA965-DF27-4866-8F7E-B19DBDF9713B}
	EndGlobalSection
EndGlobal
